// !$*UTF8*$!
{
	archiveVersion = 1;
	classes = {
	};
	objectVersion = 50;
	objects = {

/* Begin PBXBuildFile section */
		43B4B1B525A8B4E3008D2AB7 /* Renderer.swift in Sources */ = {isa = PBXBuildFile; fileRef = 43B4B1B425A8B4E3008D2AB7 /* Renderer.swift */; };
		43B4B1B825A8D932008D2AB7 /* Shaders.metal in Sources */ = {isa = PBXBuildFile; fileRef = 43B4B1B725A8D932008D2AB7 /* Shaders.metal */; };
		43B4B1BB25AB2783008D2AB7 /* Node.swift in Sources */ = {isa = PBXBuildFile; fileRef = 43B4B1BA25AB2783008D2AB7 /* Node.swift */; };
		43B4B1BE25AB2C90008D2AB7 /* Primitive.swift in Sources */ = {isa = PBXBuildFile; fileRef = 43B4B1BD25AB2C90008D2AB7 /* Primitive.swift */; };
		43B4B1C125AB63C9008D2AB7 /* Types.swift in Sources */ = {isa = PBXBuildFile; fileRef = 43B4B1C025AB63C9008D2AB7 /* Types.swift */; };
		43DF673825A5E85D00267EEB /* AppDelegate.swift in Sources */ = {isa = PBXBuildFile; fileRef = 43DF673725A5E85D00267EEB /* AppDelegate.swift */; };
		43DF673C25A5E85E00267EEB /* Assets.xcassets in Resources */ = {isa = PBXBuildFile; fileRef = 43DF673B25A5E85E00267EEB /* Assets.xcassets */; };
		43DF673F25A5E85E00267EEB /* Main.storyboard in Resources */ = {isa = PBXBuildFile; fileRef = 43DF673D25A5E85E00267EEB /* Main.storyboard */; };
		43DF674A25A5E8B800267EEB /* MetalView.swift in Sources */ = {isa = PBXBuildFile; fileRef = 43DF674925A5E8B800267EEB /* MetalView.swift */; };
/* End PBXBuildFile section */

/* Begin PBXFileReference section */
		43B4B1B425A8B4E3008D2AB7 /* Renderer.swift */ = {isa = PBXFileReference; lastKnownFileType = sourcecode.swift; path = Renderer.swift; sourceTree = "<group>"; };
		43B4B1B725A8D932008D2AB7 /* Shaders.metal */ = {isa = PBXFileReference; lastKnownFileType = sourcecode.metal; path = Shaders.metal; sourceTree = "<group>"; };
		43B4B1BA25AB2783008D2AB7 /* Node.swift */ = {isa = PBXFileReference; lastKnownFileType = sourcecode.swift; path = Node.swift; sourceTree = "<group>"; };
		43B4B1BD25AB2C90008D2AB7 /* Primitive.swift */ = {isa = PBXFileReference; lastKnownFileType = sourcecode.swift; path = Primitive.swift; sourceTree = "<group>"; };
		43B4B1C025AB63C9008D2AB7 /* Types.swift */ = {isa = PBXFileReference; lastKnownFileType = sourcecode.swift; path = Types.swift; sourceTree = "<group>"; };
		43DF673425A5E85D00267EEB /* MetalViewSample.app */ = {isa = PBXFileReference; explicitFileType = wrapper.application; includeInIndex = 0; path = MetalViewSample.app; sourceTree = BUILT_PRODUCTS_DIR; };
		43DF673725A5E85D00267EEB /* AppDelegate.swift */ = {isa = PBXFileReference; lastKnownFileType = sourcecode.swift; path = AppDelegate.swift; sourceTree = "<group>"; };
		43DF673B25A5E85E00267EEB /* Assets.xcassets */ = {isa = PBXFileReference; lastKnownFileType = folder.assetcatalog; path = Assets.xcassets; sourceTree = "<group>"; };
		43DF673E25A5E85E00267EEB /* Base */ = {isa = PBXFileReference; lastKnownFileType = file.storyboard; name = Base; path = Base.lproj/Main.storyboard; sourceTree = "<group>"; };
		43DF674025A5E85E00267EEB /* Info.plist */ = {isa = PBXFileReference; lastKnownFileType = text.plist.xml; path = Info.plist; sourceTree = "<group>"; };
		43DF674125A5E85E00267EEB /* MetalViewSample.entitlements */ = {isa = PBXFileReference; lastKnownFileType = text.plist.entitlements; path = MetalViewSample.entitlements; sourceTree = "<group>"; };
		43DF674925A5E8B800267EEB /* MetalView.swift */ = {isa = PBXFileReference; lastKnownFileType = sourcecode.swift; path = MetalView.swift; sourceTree = "<group>"; };
/* End PBXFileReference section */

/* Begin PBXFrameworksBuildPhase section */
		43DF673125A5E85D00267EEB /* Frameworks */ = {
			isa = PBXFrameworksBuildPhase;
			buildActionMask = 2147483647;
			files = (
			);
			runOnlyForDeploymentPostprocessing = 0;
		};
/* End PBXFrameworksBuildPhase section */

/* Begin PBXGroup section */
		43DF672B25A5E85D00267EEB = {
			isa = PBXGroup;
			children = (
				43B4B1C025AB63C9008D2AB7 /* Types.swift */,
				43DF673625A5E85D00267EEB /* MetalViewSample */,
				43DF673525A5E85D00267EEB /* Products */,
			);
			sourceTree = "<group>";
		};
		43DF673525A5E85D00267EEB /* Products */ = {
			isa = PBXGroup;
			children = (
				43DF673425A5E85D00267EEB /* MetalViewSample.app */,
			);
			name = Products;
			sourceTree = "<group>";
		};
		43DF673625A5E85D00267EEB /* MetalViewSample */ = {
			isa = PBXGroup;
			children = (
				43DF673725A5E85D00267EEB /* AppDelegate.swift */,
				43DF673B25A5E85E00267EEB /* Assets.xcassets */,
				43DF673D25A5E85E00267EEB /* Main.storyboard */,
				43DF674025A5E85E00267EEB /* Info.plist */,
				43DF674125A5E85E00267EEB /* MetalViewSample.entitlements */,
				43DF674925A5E8B800267EEB /* MetalView.swift */,
				43B4B1B725A8D932008D2AB7 /* Shaders.metal */,
				43B4B1B425A8B4E3008D2AB7 /* Renderer.swift */,
				43B4B1BA25AB2783008D2AB7 /* Node.swift */,
				43B4B1BD25AB2C90008D2AB7 /* Primitive.swift */,
			);
			path = MetalViewSample;
			sourceTree = "<group>";
		};
/* End PBXGroup section */

/* Begin PBXNativeTarget section */
		43DF673325A5E85D00267EEB /* MetalViewSample */ = {
			isa = PBXNativeTarget;
			buildConfigurationList = 43DF674425A5E85E00267EEB /* Build configuration list for PBXNativeTarget "MetalViewSample" */;
			buildPhases = (
				43DF673025A5E85D00267EEB /* Sources */,
				43DF673125A5E85D00267EEB /* Frameworks */,
				43DF673225A5E85D00267EEB /* Resources */,
			);
			buildRules = (
			);
			dependencies = (
			);
			name = MetalViewSample;
			productName = MetalViewSample;
			productReference = 43DF673425A5E85D00267EEB /* MetalViewSample.app */;
			productType = "com.apple.product-type.application";
		};
/* End PBXNativeTarget section */

/* Begin PBXProject section */
		43DF672C25A5E85D00267EEB /* Project object */ = {
			isa = PBXProject;
			attributes = {
				LastSwiftUpdateCheck = 1230;
				LastUpgradeCheck = 1230;
				TargetAttributes = {
					43DF673325A5E85D00267EEB = {
						CreatedOnToolsVersion = 12.3;
					};
				};
			};
			buildConfigurationList = 43DF672F25A5E85D00267EEB /* Build configuration list for PBXProject "MetalViewSample" */;
			compatibilityVersion = "Xcode 9.3";
			developmentRegion = en;
			hasScannedForEncodings = 0;
			knownRegions = (
				en,
				Base,
			);
			mainGroup = 43DF672B25A5E85D00267EEB;
			productRefGroup = 43DF673525A5E85D00267EEB /* Products */;
			projectDirPath = "";
			projectRoot = "";
			targets = (
				43DF673325A5E85D00267EEB /* MetalViewSample */,
			);
		};
/* End PBXProject section */

/* Begin PBXResourcesBuildPhase section */
		43DF673225A5E85D00267EEB /* Resources */ = {
			isa = PBXResourcesBuildPhase;
			buildActionMask = 2147483647;
			files = (
				43DF673C25A5E85E00267EEB /* Assets.xcassets in Resources */,
				43DF673F25A5E85E00267EEB /* Main.storyboard in Resources */,
			);
			runOnlyForDeploymentPostprocessing = 0;
		};
/* End PBXResourcesBuildPhase section */

/* Begin PBXSourcesBuildPhase section */
		43DF673025A5E85D00267EEB /* Sources */ = {
			isa = PBXSourcesBuildPhase;
			buildActionMask = 2147483647;
			files = (
				43B4B1B825A8D932008D2AB7 /* Shaders.metal in Sources */,
				43B4B1BE25AB2C90008D2AB7 /* Primitive.swift in Sources */,
				43B4B1BB25AB2783008D2AB7 /* Node.swift in Sources */,
				43B4B1C125AB63C9008D2AB7 /* Types.swift in Sources */,
				43DF674A25A5E8B800267EEB /* MetalView.swift in Sources */,
				43B4B1B525A8B4E3008D2AB7 /* Renderer.swift in Sources */,
				43DF673825A5E85D00267EEB /* AppDelegate.swift in Sources */,
			);
			runOnlyForDeploymentPostprocessing = 0;
		};
/* End PBXSourcesBuildPhase section */

/* Begin PBXVariantGroup section */
		43DF673D25A5E85E00267EEB /* Main.storyboard */ = {
			isa = PBXVariantGroup;
			children = (
				43DF673E25A5E85E00267EEB /* Base */,
			);
			name = Main.storyboard;
			sourceTree = "<group>";
		};
/* End PBXVariantGroup section */

/* Begin XCBuildConfiguration section */
		43DF674225A5E85E00267EEB /* Debug */ = {
			isa = XCBuildConfiguration;
			buildSettings = {
				ALWAYS_SEARCH_USER_PATHS = NO;
				CLANG_ANALYZER_NONNULL = YES;
				CLANG_ANALYZER_NUMBER_OBJECT_CONVERSION = YES_AGGRESSIVE;
				CLANG_CXX_LANGUAGE_STANDARD = "gnu++14";
				CLANG_CXX_LIBRARY = "libc++";
				CLANG_ENABLE_MODULES = YES;
				CLANG_ENABLE_OBJC_ARC = YES;
				CLANG_ENABLE_OBJC_WEAK = YES;
				CLANG_WARN_BLOCK_CAPTURE_AUTORELEASING = YES;
				CLANG_WARN_BOOL_CONVERSION = YES;
				CLANG_WARN_COMMA = YES;
				CLANG_WARN_CONSTANT_CONVERSION = YES;
				CLANG_WARN_DEPRECATED_OBJC_IMPLEMENTATIONS = YES;
				CLANG_WARN_DIRECT_OBJC_ISA_USAGE = YES_ERROR;
				CLANG_WARN_DOCUMENTATION_COMMENTS = YES;
				CLANG_WARN_EMPTY_BODY = YES;
				CLANG_WARN_ENUM_CONVERSION = YES;
				CLANG_WARN_INFINITE_RECURSION = YES;
				CLANG_WARN_INT_CONVERSION = YES;
				CLANG_WARN_NON_LITERAL_NULL_CONVERSION = YES;
				CLANG_WARN_OBJC_IMPLICIT_RETAIN_SELF = YES;
				CLANG_WARN_OBJC_LITERAL_CONVERSION = YES;
				CLANG_WARN_OBJC_ROOT_CLASS = YES_ERROR;
				CLANG_WARN_QUOTED_INCLUDE_IN_FRAMEWORK_HEADER = YES;
				CLANG_WARN_RANGE_LOOP_ANALYSIS = YES;
				CLANG_WARN_STRICT_PROTOTYPES = YES;
				CLANG_WARN_SUSPICIOUS_MOVE = YES;
				CLANG_WARN_UNGUARDED_AVAILABILITY = YES_AGGRESSIVE;
				CLANG_WARN_UNREACHABLE_CODE = YES;
				CLANG_WARN__DUPLICATE_METHOD_MATCH = YES;
				COPY_PHASE_STRIP = NO;
				DEBUG_INFORMATION_FORMAT = dwarf;
				ENABLE_STRICT_OBJC_MSGSEND = YES;
				ENABLE_TESTABILITY = YES;
				GCC_C_LANGUAGE_STANDARD = gnu11;
				GCC_DYNAMIC_NO_PIC = NO;
				GCC_NO_COMMON_BLOCKS = YES;
				GCC_OPTIMIZATION_LEVEL = 0;
				GCC_PREPROCESSOR_DEFINITIONS = (
					"DEBUG=1",
					"$(inherited)",
				);
				GCC_WARN_64_TO_32_BIT_CONVERSION = YES;
				GCC_WARN_ABOUT_RETURN_TYPE = YES_ERROR;
				GCC_WARN_UNDECLARED_SELECTOR = YES;
				GCC_WARN_UNINITIALIZED_AUTOS = YES_AGGRESSIVE;
				GCC_WARN_UNUSED_FUNCTION = YES;
				GCC_WARN_UNUSED_VARIABLE = YES;
				MACOSX_DEPLOYMENT_TARGET = 10.15;
				MTL_ENABLE_DEBUG_INFO = INCLUDE_SOURCE;
				MTL_FAST_MATH = YES;
				ONLY_ACTIVE_ARCH = YES;
				SDKROOT = macosx;
				SWIFT_ACTIVE_COMPILATION_CONDITIONS = DEBUG;
				SWIFT_OPTIMIZATION_LEVEL = "-Onone";
			};
			name = Debug;
		};
		43DF674325A5E85E00267EEB /* Release */ = {
			isa = XCBuildConfiguration;
			buildSettings = {
				ALWAYS_SEARCH_USER_PATHS = NO;
				CLANG_ANALYZER_NONNULL = YES;
				CLANG_ANALYZER_NUMBER_OBJECT_CONVERSION = YES_AGGRESSIVE;
				CLANG_CXX_LANGUAGE_STANDARD = "gnu++14";
				CLANG_CXX_LIBRARY = "libc++";
				CLANG_ENABLE_MODULES = YES;
				CLANG_ENABLE_OBJC_ARC = YES;
				CLANG_ENABLE_OBJC_WEAK = YES;
				CLANG_WARN_BLOCK_CAPTURE_AUTORELEASING = YES;
				CLANG_WARN_BOOL_CONVERSION = YES;
				CLANG_WARN_COMMA = YES;
				CLANG_WARN_CONSTANT_CONVERSION = YES;
				CLANG_WARN_DEPRECATED_OBJC_IMPLEMENTATIONS = YES;
				CLANG_WARN_DIRECT_OBJC_ISA_USAGE = YES_ERROR;
				CLANG_WARN_DOCUMENTATION_COMMENTS = YES;
				CLANG_WARN_EMPTY_BODY = YES;
				CLANG_WARN_ENUM_CONVERSION = YES;
				CLANG_WARN_INFINITE_RECURSION = YES;
				CLANG_WARN_INT_CONVERSION = YES;
				CLANG_WARN_NON_LITERAL_NULL_CONVERSION = YES;
				CLANG_WARN_OBJC_IMPLICIT_RETAIN_SELF = YES;
				CLANG_WARN_OBJC_LITERAL_CONVERSION = YES;
				CLANG_WARN_OBJC_ROOT_CLASS = YES_ERROR;
				CLANG_WARN_QUOTED_INCLUDE_IN_FRAMEWORK_HEADER = YES;
				CLANG_WARN_RANGE_LOOP_ANALYSIS = YES;
				CLANG_WARN_STRICT_PROTOTYPES = YES;
				CLANG_WARN_SUSPICIOUS_MOVE = YES;
				CLANG_WARN_UNGUARDED_AVAILABILITY = YES_AGGRESSIVE;
				CLANG_WARN_UNREACHABLE_CODE = YES;
				CLANG_WARN__DUPLICATE_METHOD_MATCH = YES;
				COPY_PHASE_STRIP = NO;
				DEBUG_INFORMATION_FORMAT = "dwarf-with-dsym";
				ENABLE_NS_ASSERTIONS = NO;
				ENABLE_STRICT_OBJC_MSGSEND = YES;
				GCC_C_LANGUAGE_STANDARD = gnu11;
				GCC_NO_COMMON_BLOCKS = YES;
				GCC_WARN_64_TO_32_BIT_CONVERSION = YES;
				GCC_WARN_ABOUT_RETURN_TYPE = YES_ERROR;
				GCC_WARN_UNDECLARED_SELECTOR = YES;
				GCC_WARN_UNINITIALIZED_AUTOS = YES_AGGRESSIVE;
				GCC_WARN_UNUSED_FUNCTION = YES;
				GCC_WARN_UNUSED_VARIABLE = YES;
				MACOSX_DEPLOYMENT_TARGET = 10.15;
				MTL_ENABLE_DEBUG_INFO = NO;
				MTL_FAST_MATH = YES;
				SDKROOT = macosx;
				SWIFT_COMPILATION_MODE = wholemodule;
				SWIFT_OPTIMIZATION_LEVEL = "-O";
			};
			name = Release;
		};
		43DF674525A5E85E00267EEB /* Debug */ = {
			isa = XCBuildConfiguration;
			buildSettings = {
				ASSETCATALOG_COMPILER_APPICON_NAME = AppIcon;
				ASSETCATALOG_COMPILER_GLOBAL_ACCENT_COLOR_NAME = AccentColor;
				CODE_SIGN_ENTITLEMENTS = MetalViewSample/MetalViewSample.entitlements;
				CODE_SIGN_STYLE = Automatic;
				COMBINE_HIDPI_IMAGES = YES;
				DEVELOPMENT_TEAM = YP9Y69HDW6;
				ENABLE_HARDENED_RUNTIME = YES;
				INFOPLIST_FILE = MetalViewSample/Info.plist;
				LD_RUNPATH_SEARCH_PATHS = (
					"$(inherited)",
					"@executable_path/../Frameworks",
				);
				PRODUCT_BUNDLE_IDENTIFIER = zcurkovic.MetalViewSample;
				PRODUCT_NAME = "$(TARGET_NAME)";
				SWIFT_VERSION = 5.0;
			};
			name = Debug;
		};
		43DF674625A5E85E00267EEB /* Release */ = {
			isa = XCBuildConfiguration;
			buildSettings = {
				ASSETCATALOG_COMPILER_APPICON_NAME = AppIcon;
				ASSETCATALOG_COMPILER_GLOBAL_ACCENT_COLOR_NAME = AccentColor;
				CODE_SIGN_ENTITLEMENTS = MetalViewSample/MetalViewSample.entitlements;
				CODE_SIGN_STYLE = Automatic;
				COMBINE_HIDPI_IMAGES = YES;
				DEVELOPMENT_TEAM = YP9Y69HDW6;
				ENABLE_HARDENED_RUNTIME = YES;
				INFOPLIST_FILE = MetalViewSample/Info.plist;
				LD_RUNPATH_SEARCH_PATHS = (
					"$(inherited)",
					"@executable_path/../Frameworks",
				);
				PRODUCT_BUNDLE_IDENTIFIER = zcurkovic.MetalViewSample;
				PRODUCT_NAME = "$(TARGET_NAME)";
				SWIFT_VERSION = 5.0;
			};
			name = Release;
		};
/* End XCBuildConfiguration section */

/* Begin XCConfigurationList section */
		43DF672F25A5E85D00267EEB /* Build configuration list for PBXProject "MetalViewSample" */ = {
			isa = XCConfigurationList;
			buildConfigurations = (
				43DF674225A5E85E00267EEB /* Debug */,
				43DF674325A5E85E00267EEB /* Release */,
			);
			defaultConfigurationIsVisible = 0;
			defaultConfigurationName = Release;
		};
		43DF674425A5E85E00267EEB /* Build configuration list for PBXNativeTarget "MetalViewSample" */ = {
			isa = XCConfigurationList;
			buildConfigurations = (
				43DF674525A5E85E00267EEB /* Debug */,
				43DF674625A5E85E00267EEB /* Release */,
			);
			defaultConfigurationIsVisible = 0;
			defaultConfigurationName = Release;
		};
/* End XCConfigurationList section */
	};
	rootObject = 43DF672C25A5E85D00267EEB /* Project object */;
}
